
Microsoft Visual Studio Solution File, Format Version 12.00
# Visual Studio 15
VisualStudioVersion = 15.0.27428.2015
MinimumVisualStudioVersion = 10.0.40219.1
Project("{F2A71F9B-5D33-465A-A702-920D77279786}") = "DataStructures", "DataStructures\DataStructures.fsproj", "{461DD145-17FE-4C60-A736-06D202D4F8D9}"
EndProject
Global
	GlobalSection(SolutionConfigurationPlatforms) = preSolution
		Debug|Any CPU = Debug|Any CPU
		Release|Any CPU = Release|Any CPU
	EndGlobalSection
	GlobalSection(ProjectConfigurationPlatforms) = postSolution
		{461DD145-17FE-4C60-A736-06D202D4F8D9}.Debug|Any CPU.ActiveCfg = Debug|Any CPU
		{461DD145-17FE-4C60-A736-06D202D4F8D9}.Debug|Any CPU.Build.0 = Debug|Any CPU
		{461DD145-17FE-4C60-A736-06D202D4F8D9}.Release|Any CPU.ActiveCfg = Release|Any CPU
		{461DD145-17FE-4C60-A736-06D202D4F8D9}.Release|Any CPU.Build.0 = Release|Any CPU
	EndGlobalSection
	GlobalSection(SolutionProperties) = preSolution
		HideSolutionNode = FALSE
	EndGlobalSection
	GlobalSection(ExtensibilityGlobals) = postSolution
		SolutionGuid = {0E66E635-6C4A-4232-B6F2-3FC8B46EE90E}
	EndGlobalSection
EndGlobal
